# Generated by `forgec lock`; do not edit.
lock = 1
compiler = "0.4.0"

[[dependency]]
name = "@forgegraph/foundation/identifiers"
version = "0.1.0"
hash = "sha256:2b605925c88f091a0429380b2bb00b9947d11c1380838a921e7c54813dc5cb35"

[[dependency]]
name = "@forgegraph/foundation/place"
version = "0.1.0"
hash = "sha256:ed64f283dcbb70b58c5b8fbe568b90b7436dd5e3d88cb4e20aca1399cff1d927"

[[deployment]]
name = "@forgegraph/foundation/identifiers"

[[deployment]]
name = "@forgegraph/foundation/place"
