# Generated by `forge lock`; do not edit.
lock = 1
compiler = "0.1.0"

[[dependency]]
name = "@acme/governance"
version = "0.1.0"
hash = "sha256:567df2678259e05eb46ac4c501c9c3934e79a17660f8d760b7699bf3ea9c53b3"

[[dependency]]
name = "@acme/payments"
version = "0.1.0"
hash = "sha256:853f1c4994849a646df9921bdae6341a2c55ec1c795d5f3700eb66873cb5a967"
