# Generated by `forgec lock`; do not edit.
lock = 1
compiler = "0.4.0"

[[dependency]]
name = "@forgegraph/foundation/agreement-catalog"
version = "0.1.0"
hash = "sha256:382d23710151296bafbc121ed5257b0be22d21c6f0bcb77dcd93d02a160ba781"

[[dependency]]
name = "@forgegraph/foundation/artifact"
version = "0.1.0"
hash = "sha256:abee0c9f69cffee8db15e169a4492d6df2ded96561f28796d8cb3132fb033e1e"

[[dependency]]
name = "@forgegraph/foundation/availability"
version = "0.1.0"
hash = "sha256:9696979da3658c6fc0801b10a5d8068e6bf53ffe8b18b3ec68555a377d763a2a"

[[dependency]]
name = "@forgegraph/foundation/decision"
version = "0.1.0"
hash = "sha256:f1160092dcb63b4f4b3d21ed0b46cfbebe3e8ccc9ac14e5d3d296a5f321a2b3d"

[[dependency]]
name = "@forgegraph/foundation/entitlement"
version = "0.1.0"
hash = "sha256:5537793236e5a154dc59fc47de8d4458d0bcdcaf0d593a581967fd750b2167c7"

[[dependency]]
name = "@forgegraph/foundation/evaluation"
version = "0.1.0"
hash = "sha256:87d4a70c418caac8f26c30ec54810efe7924670704561df35f47c184eb243517"

[[dependency]]
name = "@forgegraph/foundation/evidence"
version = "0.1.0"
hash = "sha256:53906cac593c4ebd1b4157f6c0c576433cf8647181154524e236b7584e722450"

[[dependency]]
name = "@forgegraph/foundation/fulfillment"
version = "0.1.0"
hash = "sha256:fd16e8db659f14f2d7ab678eb46bbec5460804ece22cd02ba29e6982a71e4db6"

[[dependency]]
name = "@forgegraph/foundation/identifiers"
version = "0.1.0"
hash = "sha256:2b605925c88f091a0429380b2bb00b9947d11c1380838a921e7c54813dc5cb35"

[[dependency]]
name = "@forgegraph/foundation/participation"
version = "0.1.0"
hash = "sha256:cd4a0969a2b834f3c9dfa22ca80a5e9c597f616e7b3bfb2d749958c11175e60c"

[[dependency]]
name = "@forgegraph/foundation/party"
version = "0.1.0"
hash = "sha256:079a5079276bf7c839a2e4a532607478743b7664e6a55da19341ac0325635386"

[[dependency]]
name = "@forgegraph/foundation/specification"
version = "0.1.0"
hash = "sha256:436273c95e3edaf84c9f1920d4cc3f11e63e15111227ee3aea526262b6719fb4"

[[deployment]]
name = "@forgegraph/foundation/agreement-catalog"

[[deployment]]
name = "@forgegraph/foundation/artifact"

[[deployment]]
name = "@forgegraph/foundation/availability"

[[deployment]]
name = "@forgegraph/foundation/decision"

[[deployment]]
name = "@forgegraph/foundation/entitlement"

[[deployment]]
name = "@forgegraph/foundation/evaluation"

[[deployment]]
name = "@forgegraph/foundation/evidence"

[[deployment]]
name = "@forgegraph/foundation/fulfillment"

[[deployment]]
name = "@forgegraph/foundation/identifiers"

[[deployment]]
name = "@forgegraph/foundation/participation"

[[deployment]]
name = "@forgegraph/foundation/party"

[[deployment]]
name = "@forgegraph/foundation/specification"
