# Generated by `forgec lock`; do not edit.
lock = 1
compiler = "0.4.0"

[[dependency]]
name = "@forgegraph/foundation/configuration"
version = "0.1.0"
hash = "sha256:29f1d39d65b013a5788cb24f61b5b94c06665f015450f60523f7722c32773d8a"

[[dependency]]
name = "@forgegraph/foundation/specification"
version = "0.1.0"
hash = "sha256:436273c95e3edaf84c9f1920d4cc3f11e63e15111227ee3aea526262b6719fb4"

[[deployment]]
name = "@forgegraph/foundation/configuration"

[[deployment]]
name = "@forgegraph/foundation/specification"
