# Generated by `forgec lock`; do not edit.
lock = 1
compiler = "0.4.0"

[[dependency]]
name = "@forgegraph/foundation/allocation"
version = "0.1.0"
hash = "sha256:b16ad0bdfba0a367cdc7e4a526132429918e7131aef48deefcfab1b09b10cb33"

[[dependency]]
name = "@forgegraph/foundation/artifact"
version = "0.1.0"
hash = "sha256:abee0c9f69cffee8db15e169a4492d6df2ded96561f28796d8cb3132fb033e1e"

[[dependency]]
name = "@forgegraph/foundation/evaluation"
version = "0.1.0"
hash = "sha256:87d4a70c418caac8f26c30ec54810efe7924670704561df35f47c184eb243517"

[[dependency]]
name = "@forgegraph/foundation/evidence"
version = "0.1.0"
hash = "sha256:53906cac593c4ebd1b4157f6c0c576433cf8647181154524e236b7584e722450"

[[dependency]]
name = "@forgegraph/foundation/fulfillment"
version = "0.1.0"
hash = "sha256:fd16e8db659f14f2d7ab678eb46bbec5460804ece22cd02ba29e6982a71e4db6"

[[dependency]]
name = "@forgegraph/foundation/lineage"
version = "0.1.0"
hash = "sha256:42b35a7dfc4b4d1f96370f06b202adaa5d9355b27d6284b6aff8d3251066f516"

[[dependency]]
name = "@forgegraph/foundation/specification"
version = "0.1.0"
hash = "sha256:436273c95e3edaf84c9f1920d4cc3f11e63e15111227ee3aea526262b6719fb4"

[[dependency]]
name = "@forgegraph/foundation/usage"
version = "0.1.0"
hash = "sha256:4d4e7bc8116f57e0771a75f3a7a67a95f2642bfce1d33eb2cb07bbfb4946f2c4"

[[deployment]]
name = "@forgegraph/foundation/allocation"

[[deployment]]
name = "@forgegraph/foundation/artifact"

[[deployment]]
name = "@forgegraph/foundation/evaluation"

[[deployment]]
name = "@forgegraph/foundation/evidence"

[[deployment]]
name = "@forgegraph/foundation/fulfillment"

[[deployment]]
name = "@forgegraph/foundation/lineage"

[[deployment]]
name = "@forgegraph/foundation/specification"

[[deployment]]
name = "@forgegraph/foundation/usage"
