# Generated by `forgec lock`; do not edit.
lock = 1
compiler = "0.4.0"

[[dependency]]
name = "@forgegraph/foundation/allocation"
version = "0.1.0"
hash = "sha256:b16ad0bdfba0a367cdc7e4a526132429918e7131aef48deefcfab1b09b10cb33"

[[dependency]]
name = "@forgegraph/foundation/ledger"
version = "0.1.0"
hash = "sha256:184a0bc18d4b3a2dc19b8d173b57a24e928461867dabc62b7887cf7da9ece8a4"

[[dependency]]
name = "@forgegraph/foundation/usage"
version = "0.1.0"
hash = "sha256:4d4e7bc8116f57e0771a75f3a7a67a95f2642bfce1d33eb2cb07bbfb4946f2c4"

[[deployment]]
name = "@forgegraph/foundation/allocation"

[[deployment]]
name = "@forgegraph/foundation/ledger"

[[deployment]]
name = "@forgegraph/foundation/usage"
