# Generated by `forgec lock`; do not edit.
lock = 1
compiler = "0.3.0"

[[dependency]]
name = "@forgegraph/foundation/artifact"
version = "0.1.0"
hash = "sha256:abee0c9f69cffee8db15e169a4492d6df2ded96561f28796d8cb3132fb033e1e"

[[dependency]]
name = "@forgegraph/foundation/assurance"
version = "0.1.0"
hash = "sha256:7480186e32a5d103b50682cc6ff4c64f20d50a6519b7e3d76e8bb91bc4b2c327"

[[dependency]]
name = "@forgegraph/foundation/evaluation"
version = "0.1.0"
hash = "sha256:844d52d47fd953f9c201b13a53a708bb4b6c7725117e2f5be19248e658c0429a"

[[dependency]]
name = "@forgegraph/foundation/evidence"
version = "0.1.0"
hash = "sha256:53906cac593c4ebd1b4157f6c0c576433cf8647181154524e236b7584e722450"

[[dependency]]
name = "@forgegraph/foundation/specification"
version = "0.1.0"
hash = "sha256:436273c95e3edaf84c9f1920d4cc3f11e63e15111227ee3aea526262b6719fb4"

[[deployment]]
name = "@forgegraph/foundation/artifact"

[[deployment]]
name = "@forgegraph/foundation/assurance"

[[deployment]]
name = "@forgegraph/foundation/evaluation"

[[deployment]]
name = "@forgegraph/foundation/evidence"

[[deployment]]
name = "@forgegraph/foundation/specification"
