# Generated by `forgec lock`; do not edit.
lock = 1
compiler = "0.3.0"

[[dependency]]
name = "@forgegraph/foundation/artifact"
version = "0.1.0"
hash = "sha256:622089cb7fcf376457acb087348021e65a607c2fc268cf7129b57251bfa41b22"

[[dependency]]
name = "@forgegraph/foundation/specification"
version = "0.1.0"
hash = "sha256:ffbf345e165d2c3dc1292b51c066a7ea791a796c7a05cb4c843da194ac34c55d"

[[deployment]]
name = "@forgegraph/foundation/artifact"

[[deployment]]
name = "@forgegraph/foundation/specification"
