# Generated by `forgec lock`; do not edit.
lock = 1
compiler = "0.4.0"

[[dependency]]
name = "@forgegraph/foundation/agreement-catalog"
version = "0.1.0"
hash = "sha256:382d23710151296bafbc121ed5257b0be22d21c6f0bcb77dcd93d02a160ba781"

[[dependency]]
name = "@forgegraph/foundation/allocation"
version = "0.1.0"
hash = "sha256:b16ad0bdfba0a367cdc7e4a526132429918e7131aef48deefcfab1b09b10cb33"

[[dependency]]
name = "@forgegraph/foundation/artifact"
version = "0.1.0"
hash = "sha256:abee0c9f69cffee8db15e169a4492d6df2ded96561f28796d8cb3132fb033e1e"

[[dependency]]
name = "@forgegraph/foundation/availability"
version = "0.1.0"
hash = "sha256:9696979da3658c6fc0801b10a5d8068e6bf53ffe8b18b3ec68555a377d763a2a"

[[dependency]]
name = "@forgegraph/foundation/billing"
version = "0.1.0"
hash = "sha256:3f0df185bf5c47d770762b4122f0000322fbf0f8fdc9c88dfd2f5923a9434fdb"

[[dependency]]
name = "@forgegraph/foundation/decision"
version = "0.1.0"
hash = "sha256:f1160092dcb63b4f4b3d21ed0b46cfbebe3e8ccc9ac14e5d3d296a5f321a2b3d"

[[dependency]]
name = "@forgegraph/foundation/demand"
version = "0.1.0"
hash = "sha256:949aa2150fd5d1538805d1ad4271d767c0d4459edf58c45b6b2d9931dd5a651b"

[[dependency]]
name = "@forgegraph/foundation/entitlement"
version = "0.1.0"
hash = "sha256:5537793236e5a154dc59fc47de8d4458d0bcdcaf0d593a581967fd750b2167c7"

[[dependency]]
name = "@forgegraph/foundation/evaluation"
version = "0.1.0"
hash = "sha256:87d4a70c418caac8f26c30ec54810efe7924670704561df35f47c184eb243517"

[[dependency]]
name = "@forgegraph/foundation/evidence"
version = "0.1.0"
hash = "sha256:53906cac593c4ebd1b4157f6c0c576433cf8647181154524e236b7584e722450"

[[dependency]]
name = "@forgegraph/foundation/fulfillment"
version = "0.1.0"
hash = "sha256:fd16e8db659f14f2d7ab678eb46bbec5460804ece22cd02ba29e6982a71e4db6"

[[dependency]]
name = "@forgegraph/foundation/identifiers"
version = "0.1.0"
hash = "sha256:2b605925c88f091a0429380b2bb00b9947d11c1380838a921e7c54813dc5cb35"

[[dependency]]
name = "@forgegraph/foundation/intake"
version = "0.1.0"
hash = "sha256:5360b8a43c73b2b33844cfdbf63721be0d7ce36efee554aaeb468af2f441ead1"

[[dependency]]
name = "@forgegraph/foundation/inventory"
version = "0.1.0"
hash = "sha256:efcc76f311236a303b15f1ef4a296a625e9054369adb369a7c610c866630ed3c"

[[dependency]]
name = "@forgegraph/foundation/ledger"
version = "0.1.0"
hash = "sha256:184a0bc18d4b3a2dc19b8d173b57a24e928461867dabc62b7887cf7da9ece8a4"

[[dependency]]
name = "@forgegraph/foundation/participation"
version = "0.1.0"
hash = "sha256:cd4a0969a2b834f3c9dfa22ca80a5e9c597f616e7b3bfb2d749958c11175e60c"

[[dependency]]
name = "@forgegraph/foundation/party"
version = "0.1.0"
hash = "sha256:079a5079276bf7c839a2e4a532607478743b7664e6a55da19341ac0325635386"

[[dependency]]
name = "@forgegraph/foundation/place"
version = "0.1.0"
hash = "sha256:ed64f283dcbb70b58c5b8fbe568b90b7436dd5e3d88cb4e20aca1399cff1d927"

[[dependency]]
name = "@forgegraph/foundation/qualification"
version = "0.1.0"
hash = "sha256:c331f56092981cccfe52e1542e69e52712f412d7b7223a1a2505008284cb6ced"

[[dependency]]
name = "@forgegraph/foundation/quotation-pricing"
version = "0.1.0"
hash = "sha256:4459601fba8941e091b7d922a90ab055e8beef08066f470894a4a5220da06644"

[[dependency]]
name = "@forgegraph/foundation/resource-relations"
version = "0.1.0"
hash = "sha256:6e127b043e036b40520d55773ac1672cacb37a86fc1551690c99c1c51f72a176"

[[dependency]]
name = "@forgegraph/foundation/routing"
version = "0.1.0"
hash = "sha256:30c5b70e96c180c2d8697180be15072c5fb0e9f6124dced9663eaad9d53f895a"

[[dependency]]
name = "@forgegraph/foundation/scheduling"
version = "0.1.0"
hash = "sha256:6a2bf8c7cf766bee6968cee484c39bd7565d818203509285710f156a45cd11f4"

[[dependency]]
name = "@forgegraph/foundation/settlement"
version = "0.1.0"
hash = "sha256:31fd951a79d53ecd2a7402602ddd6fb3615e963f3162f709bd1ef81fcb5c6df0"

[[dependency]]
name = "@forgegraph/foundation/specification"
version = "0.1.0"
hash = "sha256:436273c95e3edaf84c9f1920d4cc3f11e63e15111227ee3aea526262b6719fb4"

[[dependency]]
name = "@forgegraph/foundation/usage"
version = "0.1.0"
hash = "sha256:4d4e7bc8116f57e0771a75f3a7a67a95f2642bfce1d33eb2cb07bbfb4946f2c4"

[[deployment]]
name = "@forgegraph/foundation/agreement-catalog"

[[deployment]]
name = "@forgegraph/foundation/allocation"

[[deployment]]
name = "@forgegraph/foundation/artifact"

[[deployment]]
name = "@forgegraph/foundation/availability"

[[deployment]]
name = "@forgegraph/foundation/billing"

[[deployment]]
name = "@forgegraph/foundation/decision"

[[deployment]]
name = "@forgegraph/foundation/demand"

[[deployment]]
name = "@forgegraph/foundation/entitlement"

[[deployment]]
name = "@forgegraph/foundation/evaluation"

[[deployment]]
name = "@forgegraph/foundation/evidence"

[[deployment]]
name = "@forgegraph/foundation/fulfillment"

[[deployment]]
name = "@forgegraph/foundation/identifiers"

[[deployment]]
name = "@forgegraph/foundation/intake"

[[deployment]]
name = "@forgegraph/foundation/inventory"

[[deployment]]
name = "@forgegraph/foundation/ledger"

[[deployment]]
name = "@forgegraph/foundation/participation"

[[deployment]]
name = "@forgegraph/foundation/party"

[[deployment]]
name = "@forgegraph/foundation/place"

[[deployment]]
name = "@forgegraph/foundation/qualification"

[[deployment]]
name = "@forgegraph/foundation/quotation-pricing"

[[deployment]]
name = "@forgegraph/foundation/resource-relations"

[[deployment]]
name = "@forgegraph/foundation/routing"

[[deployment]]
name = "@forgegraph/foundation/scheduling"

[[deployment]]
name = "@forgegraph/foundation/settlement"

[[deployment]]
name = "@forgegraph/foundation/specification"

[[deployment]]
name = "@forgegraph/foundation/usage"
