# Generated by `forgec lock`; do not edit.
lock = 1
compiler = "0.4.0"

[[dependency]]
name = "@forgegraph/foundation/identifiers"
version = "0.1.0"
hash = "sha256:2b605925c88f091a0429380b2bb00b9947d11c1380838a921e7c54813dc5cb35"

[[dependency]]
name = "@forgegraph/foundation/party"
version = "0.1.0"
hash = "sha256:079a5079276bf7c839a2e4a532607478743b7664e6a55da19341ac0325635386"

[[deployment]]
name = "@forgegraph/foundation/identifiers"

[[deployment]]
name = "@forgegraph/foundation/party"
