# Generated by `forgec lock`; do not edit.
lock = 1
compiler = "0.3.0"

[[dependency]]
name = "@forgegraph/foundation/allocation"
version = "0.1.0"
hash = "sha256:b16ad0bdfba0a367cdc7e4a526132429918e7131aef48deefcfab1b09b10cb33"

[[dependency]]
name = "@forgegraph/foundation/artifact"
version = "0.1.0"
hash = "sha256:abee0c9f69cffee8db15e169a4492d6df2ded96561f28796d8cb3132fb033e1e"

[[dependency]]
name = "@forgegraph/foundation/classification"
version = "0.1.0"
hash = "sha256:be4312b71a8cf1f749f1457570708f91f175148c2e55ceca00dd724cf5fd71aa"

[[dependency]]
name = "@forgegraph/foundation/evaluation"
version = "0.1.0"
hash = "sha256:87d4a70c418caac8f26c30ec54810efe7924670704561df35f47c184eb243517"

[[dependency]]
name = "@forgegraph/foundation/evidence"
version = "0.1.0"
hash = "sha256:53906cac593c4ebd1b4157f6c0c576433cf8647181154524e236b7584e722450"

[[dependency]]
name = "@forgegraph/foundation/fulfillment"
version = "0.1.0"
hash = "sha256:fd16e8db659f14f2d7ab678eb46bbec5460804ece22cd02ba29e6982a71e4db6"

[[dependency]]
name = "@forgegraph/foundation/identifiers"
version = "0.1.0"
hash = "sha256:2b605925c88f091a0429380b2bb00b9947d11c1380838a921e7c54813dc5cb35"

[[dependency]]
name = "@forgegraph/foundation/ledger"
version = "0.1.0"
hash = "sha256:184a0bc18d4b3a2dc19b8d173b57a24e928461867dabc62b7887cf7da9ece8a4"

[[dependency]]
name = "@forgegraph/foundation/planning-budget"
version = "0.1.0"
hash = "sha256:9e47da0038902f314adb97eba3ed370c5046f9347e6b0577d6aaa193df09b49c"

[[dependency]]
name = "@forgegraph/foundation/specification"
version = "0.1.0"
hash = "sha256:436273c95e3edaf84c9f1920d4cc3f11e63e15111227ee3aea526262b6719fb4"

[[dependency]]
name = "@forgegraph/foundation/usage"
version = "0.1.0"
hash = "sha256:4d4e7bc8116f57e0771a75f3a7a67a95f2642bfce1d33eb2cb07bbfb4946f2c4"

[[deployment]]
name = "@forgegraph/foundation/allocation"

[[deployment]]
name = "@forgegraph/foundation/artifact"

[[deployment]]
name = "@forgegraph/foundation/classification"

[[deployment]]
name = "@forgegraph/foundation/evaluation"

[[deployment]]
name = "@forgegraph/foundation/evidence"

[[deployment]]
name = "@forgegraph/foundation/fulfillment"

[[deployment]]
name = "@forgegraph/foundation/identifiers"

[[deployment]]
name = "@forgegraph/foundation/ledger"

[[deployment]]
name = "@forgegraph/foundation/planning-budget"

[[deployment]]
name = "@forgegraph/foundation/specification"

[[deployment]]
name = "@forgegraph/foundation/usage"
