# Generated by `forgec lock`; do not edit.
lock = 1
compiler = "0.3.0"

[[dependency]]
name = "@forgegraph/foundation/artifact"
version = "0.1.0"
hash = "sha256:abee0c9f69cffee8db15e169a4492d6df2ded96561f28796d8cb3132fb033e1e"

[[dependency]]
name = "@forgegraph/foundation/delivery"
version = "0.1.0"
hash = "sha256:ff7775d2287b7b7e7b63c02dd12c4b92322bfa7365e3d837dc36c8d2ab210bdd"

[[dependency]]
name = "@forgegraph/foundation/evaluation"
version = "0.1.0"
hash = "sha256:5b0d1e45f2e37f1aa5d1db84bf42f59cce66d73289916742bd23c3308ca87c3c"

[[dependency]]
name = "@forgegraph/foundation/evidence"
version = "0.1.0"
hash = "sha256:53906cac593c4ebd1b4157f6c0c576433cf8647181154524e236b7584e722450"

[[dependency]]
name = "@forgegraph/foundation/fulfillment"
version = "0.1.0"
hash = "sha256:fd16e8db659f14f2d7ab678eb46bbec5460804ece22cd02ba29e6982a71e4db6"

[[dependency]]
name = "@forgegraph/foundation/identifiers"
version = "0.1.0"
hash = "sha256:2b605925c88f091a0429380b2bb00b9947d11c1380838a921e7c54813dc5cb35"

[[dependency]]
name = "@forgegraph/foundation/lineage"
version = "0.1.0"
hash = "sha256:42b35a7dfc4b4d1f96370f06b202adaa5d9355b27d6284b6aff8d3251066f516"

[[dependency]]
name = "@forgegraph/foundation/reconciliation"
version = "0.1.0"
hash = "sha256:32a66ddc65edf1002bf596c35cdf96958e32e9739ab20a0d5593f6cbe5977929"

[[dependency]]
name = "@forgegraph/foundation/specification"
version = "0.1.0"
hash = "sha256:436273c95e3edaf84c9f1920d4cc3f11e63e15111227ee3aea526262b6719fb4"

[[deployment]]
name = "@forgegraph/foundation/artifact"

[[deployment]]
name = "@forgegraph/foundation/delivery"

[[deployment]]
name = "@forgegraph/foundation/evaluation"

[[deployment]]
name = "@forgegraph/foundation/evidence"

[[deployment]]
name = "@forgegraph/foundation/fulfillment"

[[deployment]]
name = "@forgegraph/foundation/identifiers"

[[deployment]]
name = "@forgegraph/foundation/lineage"

[[deployment]]
name = "@forgegraph/foundation/reconciliation"

[[deployment]]
name = "@forgegraph/foundation/specification"
