# Generated by `forgec lock`; do not edit.
lock = 1
compiler = "0.4.0"

[[dependency]]
name = "@forgegraph/foundation/agreement-catalog"
version = "0.1.0"
hash = "sha256:382d23710151296bafbc121ed5257b0be22d21c6f0bcb77dcd93d02a160ba781"

[[dependency]]
name = "@forgegraph/foundation/allocation"
version = "0.1.0"
hash = "sha256:b16ad0bdfba0a367cdc7e4a526132429918e7131aef48deefcfab1b09b10cb33"

[[dependency]]
name = "@forgegraph/foundation/artifact"
version = "0.1.0"
hash = "sha256:abee0c9f69cffee8db15e169a4492d6df2ded96561f28796d8cb3132fb033e1e"

[[dependency]]
name = "@forgegraph/foundation/availability"
version = "0.1.0"
hash = "sha256:9696979da3658c6fc0801b10a5d8068e6bf53ffe8b18b3ec68555a377d763a2a"

[[dependency]]
name = "@forgegraph/foundation/classification"
version = "0.1.0"
hash = "sha256:be4312b71a8cf1f749f1457570708f91f175148c2e55ceca00dd724cf5fd71aa"

[[dependency]]
name = "@forgegraph/foundation/collaboration"
version = "0.1.0"
hash = "sha256:857e28f78cd87e15dfddd95c3cb95a1a0f2a10086baf1f68b4e2cb416c46fb9e"

[[dependency]]
name = "@forgegraph/foundation/decision"
version = "0.1.0"
hash = "sha256:f1160092dcb63b4f4b3d21ed0b46cfbebe3e8ccc9ac14e5d3d296a5f321a2b3d"

[[dependency]]
name = "@forgegraph/foundation/delivery"
version = "0.1.0"
hash = "sha256:ff7775d2287b7b7e7b63c02dd12c4b92322bfa7365e3d837dc36c8d2ab210bdd"

[[dependency]]
name = "@forgegraph/foundation/entitlement"
version = "0.1.0"
hash = "sha256:5537793236e5a154dc59fc47de8d4458d0bcdcaf0d593a581967fd750b2167c7"

[[dependency]]
name = "@forgegraph/foundation/evaluation"
version = "0.1.0"
hash = "sha256:87d4a70c418caac8f26c30ec54810efe7924670704561df35f47c184eb243517"

[[dependency]]
name = "@forgegraph/foundation/evidence"
version = "0.1.0"
hash = "sha256:53906cac593c4ebd1b4157f6c0c576433cf8647181154524e236b7584e722450"

[[dependency]]
name = "@forgegraph/foundation/fulfillment"
version = "0.1.0"
hash = "sha256:fd16e8db659f14f2d7ab678eb46bbec5460804ece22cd02ba29e6982a71e4db6"

[[dependency]]
name = "@forgegraph/foundation/identifiers"
version = "0.1.0"
hash = "sha256:2b605925c88f091a0429380b2bb00b9947d11c1380838a921e7c54813dc5cb35"

[[dependency]]
name = "@forgegraph/foundation/ledger"
version = "0.1.0"
hash = "sha256:184a0bc18d4b3a2dc19b8d173b57a24e928461867dabc62b7887cf7da9ece8a4"

[[dependency]]
name = "@forgegraph/foundation/measurement"
version = "0.1.0"
hash = "sha256:0a69e1349bac0b7ab0339f9bda134f8d585865df92e21561e1f74f019d275ebd"

[[dependency]]
name = "@forgegraph/foundation/notifications"
version = "0.1.0"
hash = "sha256:af751007bdae1d4b0205c1d228d5785eaccdf5e9f55faa779ac066e59c40bb26"

[[dependency]]
name = "@forgegraph/foundation/participation"
version = "0.1.0"
hash = "sha256:cd4a0969a2b834f3c9dfa22ca80a5e9c597f616e7b3bfb2d749958c11175e60c"

[[dependency]]
name = "@forgegraph/foundation/party"
version = "0.1.0"
hash = "sha256:079a5079276bf7c839a2e4a532607478743b7664e6a55da19341ac0325635386"

[[dependency]]
name = "@forgegraph/foundation/place"
version = "0.1.0"
hash = "sha256:ed64f283dcbb70b58c5b8fbe568b90b7436dd5e3d88cb4e20aca1399cff1d927"

[[dependency]]
name = "@forgegraph/foundation/planning-budget"
version = "0.1.0"
hash = "sha256:9e47da0038902f314adb97eba3ed370c5046f9347e6b0577d6aaa193df09b49c"

[[dependency]]
name = "@forgegraph/foundation/scheduling"
version = "0.1.0"
hash = "sha256:6a2bf8c7cf766bee6968cee484c39bd7565d818203509285710f156a45cd11f4"

[[dependency]]
name = "@forgegraph/foundation/specification"
version = "0.1.0"
hash = "sha256:436273c95e3edaf84c9f1920d4cc3f11e63e15111227ee3aea526262b6719fb4"

[[dependency]]
name = "@forgegraph/foundation/usage"
version = "0.1.0"
hash = "sha256:4d4e7bc8116f57e0771a75f3a7a67a95f2642bfce1d33eb2cb07bbfb4946f2c4"

[[deployment]]
name = "@forgegraph/foundation/agreement-catalog"

[[deployment]]
name = "@forgegraph/foundation/allocation"

[[deployment]]
name = "@forgegraph/foundation/artifact"

[[deployment]]
name = "@forgegraph/foundation/availability"

[[deployment]]
name = "@forgegraph/foundation/classification"

[[deployment]]
name = "@forgegraph/foundation/collaboration"

[[deployment]]
name = "@forgegraph/foundation/decision"

[[deployment]]
name = "@forgegraph/foundation/delivery"

[[deployment]]
name = "@forgegraph/foundation/entitlement"

[[deployment]]
name = "@forgegraph/foundation/evaluation"

[[deployment]]
name = "@forgegraph/foundation/evidence"

[[deployment]]
name = "@forgegraph/foundation/fulfillment"

[[deployment]]
name = "@forgegraph/foundation/identifiers"

[[deployment]]
name = "@forgegraph/foundation/ledger"

[[deployment]]
name = "@forgegraph/foundation/measurement"

[[deployment]]
name = "@forgegraph/foundation/notifications"

[[deployment]]
name = "@forgegraph/foundation/participation"

[[deployment]]
name = "@forgegraph/foundation/party"

[[deployment]]
name = "@forgegraph/foundation/place"

[[deployment]]
name = "@forgegraph/foundation/planning-budget"

[[deployment]]
name = "@forgegraph/foundation/scheduling"

[[deployment]]
name = "@forgegraph/foundation/specification"

[[deployment]]
name = "@forgegraph/foundation/usage"
