# Generated by `forgec lock`; do not edit.
lock = 1
compiler = "0.4.0"

[[dependency]]
name = "@forgegraph/foundation/artifact"
version = "0.1.0"
hash = "sha256:abee0c9f69cffee8db15e169a4492d6df2ded96561f28796d8cb3132fb033e1e"

[[dependency]]
name = "@forgegraph/foundation/classification"
version = "0.1.0"
hash = "sha256:be4312b71a8cf1f749f1457570708f91f175148c2e55ceca00dd724cf5fd71aa"

[[dependency]]
name = "@forgegraph/foundation/evidence"
version = "0.1.0"
hash = "sha256:53906cac593c4ebd1b4157f6c0c576433cf8647181154524e236b7584e722450"

[[dependency]]
name = "@forgegraph/foundation/identifiers"
version = "0.1.0"
hash = "sha256:2b605925c88f091a0429380b2bb00b9947d11c1380838a921e7c54813dc5cb35"

[[dependency]]
name = "@forgegraph/foundation/records"
version = "0.1.0"
hash = "sha256:c002fa98f6813ecaad7d590cd48ec97245d08bd1849b2b5d2fd4f7d9af859064"

[[dependency]]
name = "@forgegraph/foundation/specification"
version = "0.1.0"
hash = "sha256:436273c95e3edaf84c9f1920d4cc3f11e63e15111227ee3aea526262b6719fb4"

[[deployment]]
name = "@forgegraph/foundation/artifact"

[[deployment]]
name = "@forgegraph/foundation/classification"

[[deployment]]
name = "@forgegraph/foundation/evidence"

[[deployment]]
name = "@forgegraph/foundation/identifiers"

[[deployment]]
name = "@forgegraph/foundation/records"

[[deployment]]
name = "@forgegraph/foundation/specification"
