# Generated by `forgec lock`; do not edit.
lock = 1
compiler = "0.4.0"

[[dependency]]
name = "@forgegraph/foundation/artifact"
version = "0.1.0"
hash = "sha256:abee0c9f69cffee8db15e169a4492d6df2ded96561f28796d8cb3132fb033e1e"

[[dependency]]
name = "@forgegraph/foundation/classification"
version = "0.1.0"
hash = "sha256:be4312b71a8cf1f749f1457570708f91f175148c2e55ceca00dd724cf5fd71aa"

[[dependency]]
name = "@forgegraph/foundation/evidence"
version = "0.1.0"
hash = "sha256:53906cac593c4ebd1b4157f6c0c576433cf8647181154524e236b7584e722450"

[[dependency]]
name = "@forgegraph/foundation/identifiers"
version = "0.1.0"
hash = "sha256:2b605925c88f091a0429380b2bb00b9947d11c1380838a921e7c54813dc5cb35"

[[dependency]]
name = "@forgegraph/foundation/organization-workforce"
version = "0.1.0"
hash = "sha256:c101534f1e654b8857a8bcfcc704798b203c2b284cd6582c052ebb7d4606e972"

[[dependency]]
name = "@forgegraph/foundation/participation"
version = "0.1.0"
hash = "sha256:cd4a0969a2b834f3c9dfa22ca80a5e9c597f616e7b3bfb2d749958c11175e60c"

[[dependency]]
name = "@forgegraph/foundation/party"
version = "0.1.0"
hash = "sha256:079a5079276bf7c839a2e4a532607478743b7664e6a55da19341ac0325635386"

[[dependency]]
name = "@forgegraph/foundation/place"
version = "0.1.0"
hash = "sha256:ed64f283dcbb70b58c5b8fbe568b90b7436dd5e3d88cb4e20aca1399cff1d927"

[[dependency]]
name = "@forgegraph/foundation/qualification"
version = "0.1.0"
hash = "sha256:c331f56092981cccfe52e1542e69e52712f412d7b7223a1a2505008284cb6ced"

[[dependency]]
name = "@forgegraph/foundation/specification"
version = "0.1.0"
hash = "sha256:436273c95e3edaf84c9f1920d4cc3f11e63e15111227ee3aea526262b6719fb4"

[[deployment]]
name = "@forgegraph/foundation/artifact"

[[deployment]]
name = "@forgegraph/foundation/classification"

[[deployment]]
name = "@forgegraph/foundation/evidence"

[[deployment]]
name = "@forgegraph/foundation/identifiers"

[[deployment]]
name = "@forgegraph/foundation/organization-workforce"

[[deployment]]
name = "@forgegraph/foundation/participation"

[[deployment]]
name = "@forgegraph/foundation/party"

[[deployment]]
name = "@forgegraph/foundation/place"

[[deployment]]
name = "@forgegraph/foundation/qualification"

[[deployment]]
name = "@forgegraph/foundation/specification"
