# Generated by `forgec lock`; do not edit.
lock = 1
compiler = "0.3.0"

[[dependency]]
name = "@forgegraph/foundation/availability"
version = "0.1.0"
hash = "sha256:9696979da3658c6fc0801b10a5d8068e6bf53ffe8b18b3ec68555a377d763a2a"

[[dependency]]
name = "@forgegraph/foundation/specification"
version = "0.1.0"
hash = "sha256:436273c95e3edaf84c9f1920d4cc3f11e63e15111227ee3aea526262b6719fb4"

[[deployment]]
name = "@forgegraph/foundation/availability"

[[deployment]]
name = "@forgegraph/foundation/specification"
