# Generated by `forgec lock`; do not edit.
lock = 1
compiler = "0.3.0"

[[dependency]]
name = "@foundation-probe/records"
version = "0.1.0"
hash = "sha256:d69d408d244124097e95a367fe1594b2ba6112fb7db3ff2888b63260d712f393"

[[dependency]]
name = "@foundation-probe/remote"
version = "0.1.0"
hash = "sha256:a3145b622ef44e20c4b66bf7558e9f9555283c7e282413db541b8de5b7afde5c"

[[deployment]]
name = "@foundation-probe/records"
